#MicroXplorer Configuration settings - do not modify
ADC2.Channel-3\#ChannelRegularConversion=ADC_CHANNEL_VOPAMP2
ADC2.ClockPrescaler=ADC_CLOCK_ASYNC_DIV16
ADC2.CommonPathInternal=null|null|null|null
ADC2.ContinuousConvMode=DISABLE
ADC2.DMAContinuousRequests=ENABLE
ADC2.ExternalTrigConv=ADC_EXTERNALTRIG_HRTIM_TRG1
ADC2.IPParameters=Rank-3\#ChannelRegularConversion,Channel-3\#ChannelRegularConversion,SamplingTime-3\#ChannelRegularConversion,OffsetNumber-3\#ChannelRegularConversion,NbrOfConversionFlag,DMAContinuousRequests,ExternalTrigConv,NbrOfConversion,OversamplingMode,ContinuousConvMode,ClockPrescaler,RightBitShift,Ratio,CommonPathInternal
ADC2.NbrOfConversion=1
ADC2.NbrOfConversionFlag=1
ADC2.OffsetNumber-3\#ChannelRegularConversion=ADC_OFFSET_NONE
ADC2.OversamplingMode=ENABLE
ADC2.Rank-3\#ChannelRegularConversion=1
ADC2.Ratio=ADC_OVERSAMPLING_RATIO_32
ADC2.RightBitShift=ADC_RIGHTBITSHIFT_5
ADC2.SamplingTime-3\#ChannelRegularConversion=ADC_SAMPLETIME_47CYCLES_5
ADC3.Channel-1\#ChannelRegularConversion=ADC_CHANNEL_5
ADC3.Channel-2\#ChannelRegularConversion=ADC_CHANNEL_12
ADC3.ClockPrescaler=ADC_CLOCK_ASYNC_DIV8
ADC3.CommonPathInternal=null|null|null|null
ADC3.ContinuousConvMode=DISABLE
ADC3.DMAContinuousRequests=ENABLE
ADC3.ExternalTrigConv=ADC_EXTERNALTRIG_HRTIM_TRG1
ADC3.IPParameters=Rank-1\#ChannelRegularConversion,Channel-1\#ChannelRegularConversion,SamplingTime-1\#ChannelRegularConversion,OffsetNumber-1\#ChannelRegularConversion,NbrOfConversionFlag,NbrOfConversion,DMAContinuousRequests,ContinuousConvMode,ExternalTrigConv,OversamplingMode,master,Rank-2\#ChannelRegularConversion,Channel-2\#ChannelRegularConversion,SamplingTime-2\#ChannelRegularConversion,OffsetNumber-2\#ChannelRegularConversion,ClockPrescaler,CommonPathInternal
ADC3.NbrOfConversion=2
ADC3.NbrOfConversionFlag=1
ADC3.OffsetNumber-1\#ChannelRegularConversion=ADC_OFFSET_NONE
ADC3.OffsetNumber-2\#ChannelRegularConversion=ADC_OFFSET_NONE
ADC3.OversamplingMode=DISABLE
ADC3.Rank-1\#ChannelRegularConversion=1
ADC3.Rank-2\#ChannelRegularConversion=2
ADC3.SamplingTime-1\#ChannelRegularConversion=ADC_SAMPLETIME_24CYCLES_5
ADC3.SamplingTime-2\#ChannelRegularConversion=ADC_SAMPLETIME_47CYCLES_5
ADC3.master=1
ADC4.Channel-2\#ChannelRegularConversion=ADC_CHANNEL_3
ADC4.ClockPrescaler=ADC_CLOCK_ASYNC_DIV8
ADC4.CommonPathInternal=null|null|null|null
ADC4.ContinuousConvMode=DISABLE
ADC4.DMAContinuousRequests=ENABLE
ADC4.ExternalTrigConv=ADC_EXTERNALTRIG_HRTIM_TRG1
ADC4.IPParameters=Rank-2\#ChannelRegularConversion,Channel-2\#ChannelRegularConversion,SamplingTime-2\#ChannelRegularConversion,OffsetNumber-2\#ChannelRegularConversion,NbrOfConversionFlag,DMAContinuousRequests,OversamplingMode,ClockPrescaler,ExternalTrigConv,ContinuousConvMode,CommonPathInternal
ADC4.NbrOfConversionFlag=1
ADC4.OffsetNumber-2\#ChannelRegularConversion=ADC_OFFSET_NONE
ADC4.OversamplingMode=DISABLE
ADC4.Rank-2\#ChannelRegularConversion=1
ADC4.SamplingTime-2\#ChannelRegularConversion=ADC_SAMPLETIME_47CYCLES_5
ADC5.Channel-0\#ChannelRegularConversion=ADC_CHANNEL_VOPAMP4
ADC5.ClockPrescaler=ADC_CLOCK_ASYNC_DIV8
ADC5.CommonPathInternal=null|null|null|null
ADC5.ContinuousConvMode=DISABLE
ADC5.DMAContinuousRequests=ENABLE
ADC5.ExternalTrigConv=ADC_EXTERNALTRIG_HRTIM_TRG3
ADC5.IPParameters=Rank-0\#ChannelRegularConversion,ClockPrescaler,Channel-0\#ChannelRegularConversion,SamplingTime-0\#ChannelRegularConversion,OffsetNumber-0\#ChannelRegularConversion,NbrOfConversionFlag,ExternalTrigConv,DMAContinuousRequests,ContinuousConvMode,OversamplingMode,Ratio,RightBitShift,CommonPathInternal
ADC5.NbrOfConversionFlag=1
ADC5.OffsetNumber-0\#ChannelRegularConversion=ADC_OFFSET_NONE
ADC5.OversamplingMode=ENABLE
ADC5.Rank-0\#ChannelRegularConversion=1
ADC5.Ratio=ADC_OVERSAMPLING_RATIO_256
ADC5.RightBitShift=ADC_RIGHTBITSHIFT_7
ADC5.SamplingTime-0\#ChannelRegularConversion=ADC_SAMPLETIME_2CYCLES_5
CAD.formats=
CAD.pinconfig=
CAD.provider=
Dma.ADC2.3.Direction=DMA_PERIPH_TO_MEMORY
Dma.ADC2.3.EventEnable=DISABLE
Dma.ADC2.3.Instance=DMA1_Channel3
Dma.ADC2.3.MemDataAlignment=DMA_MDATAALIGN_HALFWORD
Dma.ADC2.3.MemInc=DMA_MINC_ENABLE
Dma.ADC2.3.Mode=DMA_CIRCULAR
Dma.ADC2.3.PeriphDataAlignment=DMA_PDATAALIGN_HALFWORD
Dma.ADC2.3.PeriphInc=DMA_PINC_DISABLE
Dma.ADC2.3.Polarity=HAL_DMAMUX_REQ_GEN_RISING
Dma.ADC2.3.Priority=DMA_PRIORITY_LOW
Dma.ADC2.3.RequestNumber=1
Dma.ADC2.3.RequestParameters=Instance,Direction,PeriphInc,MemInc,PeriphDataAlignment,MemDataAlignment,Mode,Priority,SignalID,Polarity,RequestNumber,SyncSignalID,SyncPolarity,SyncEnable,EventEnable,SyncRequestNumber
Dma.ADC2.3.SignalID=NONE
Dma.ADC2.3.SyncEnable=DISABLE
Dma.ADC2.3.SyncPolarity=HAL_DMAMUX_SYNC_NO_EVENT
Dma.ADC2.3.SyncRequestNumber=1
Dma.ADC2.3.SyncSignalID=NONE
Dma.ADC3.0.Direction=DMA_PERIPH_TO_MEMORY
Dma.ADC3.0.EventEnable=DISABLE
Dma.ADC3.0.Instance=DMA1_Channel2
Dma.ADC3.0.MemDataAlignment=DMA_MDATAALIGN_HALFWORD
Dma.ADC3.0.MemInc=DMA_MINC_ENABLE
Dma.ADC3.0.Mode=DMA_CIRCULAR
Dma.ADC3.0.PeriphDataAlignment=DMA_PDATAALIGN_HALFWORD
Dma.ADC3.0.PeriphInc=DMA_PINC_DISABLE
Dma.ADC3.0.Polarity=HAL_DMAMUX_REQ_GEN_RISING
Dma.ADC3.0.Priority=DMA_PRIORITY_LOW
Dma.ADC3.0.RequestNumber=1
Dma.ADC3.0.RequestParameters=Instance,Direction,PeriphInc,MemInc,PeriphDataAlignment,MemDataAlignment,Mode,Priority,SignalID,Polarity,RequestNumber,SyncSignalID,SyncPolarity,SyncEnable,EventEnable,SyncRequestNumber
Dma.ADC3.0.SignalID=NONE
Dma.ADC3.0.SyncEnable=DISABLE
Dma.ADC3.0.SyncPolarity=HAL_DMAMUX_SYNC_NO_EVENT
Dma.ADC3.0.SyncRequestNumber=1
Dma.ADC3.0.SyncSignalID=NONE
Dma.ADC4.4.Direction=DMA_PERIPH_TO_MEMORY
Dma.ADC4.4.EventEnable=DISABLE
Dma.ADC4.4.Instance=DMA1_Channel4
Dma.ADC4.4.MemDataAlignment=DMA_MDATAALIGN_HALFWORD
Dma.ADC4.4.MemInc=DMA_MINC_ENABLE
Dma.ADC4.4.Mode=DMA_CIRCULAR
Dma.ADC4.4.PeriphDataAlignment=DMA_PDATAALIGN_HALFWORD
Dma.ADC4.4.PeriphInc=DMA_PINC_DISABLE
Dma.ADC4.4.Polarity=HAL_DMAMUX_REQ_GEN_RISING
Dma.ADC4.4.Priority=DMA_PRIORITY_LOW
Dma.ADC4.4.RequestNumber=1
Dma.ADC4.4.RequestParameters=Instance,Direction,PeriphInc,MemInc,PeriphDataAlignment,MemDataAlignment,Mode,Priority,SignalID,Polarity,RequestNumber,SyncSignalID,SyncPolarity,SyncEnable,EventEnable,SyncRequestNumber
Dma.ADC4.4.SignalID=NONE
Dma.ADC4.4.SyncEnable=DISABLE
Dma.ADC4.4.SyncPolarity=HAL_DMAMUX_SYNC_NO_EVENT
Dma.ADC4.4.SyncRequestNumber=1
Dma.ADC4.4.SyncSignalID=NONE
Dma.ADC5.1.Direction=DMA_PERIPH_TO_MEMORY
Dma.ADC5.1.EventEnable=DISABLE
Dma.ADC5.1.Instance=DMA1_Channel8
Dma.ADC5.1.MemDataAlignment=DMA_MDATAALIGN_WORD
Dma.ADC5.1.MemInc=DMA_MINC_DISABLE
Dma.ADC5.1.Mode=DMA_CIRCULAR
Dma.ADC5.1.PeriphDataAlignment=DMA_PDATAALIGN_WORD
Dma.ADC5.1.PeriphInc=DMA_PINC_DISABLE
Dma.ADC5.1.Polarity=HAL_DMAMUX_REQ_GEN_RISING
Dma.ADC5.1.Priority=DMA_PRIORITY_HIGH
Dma.ADC5.1.RequestNumber=1
Dma.ADC5.1.RequestParameters=Instance,Direction,PeriphInc,MemInc,PeriphDataAlignment,MemDataAlignment,Mode,Priority,SignalID,Polarity,RequestNumber,SyncSignalID,SyncPolarity,SyncEnable,EventEnable,SyncRequestNumber
Dma.ADC5.1.SignalID=NONE
Dma.ADC5.1.SyncEnable=DISABLE
Dma.ADC5.1.SyncPolarity=HAL_DMAMUX_SYNC_NO_EVENT
Dma.ADC5.1.SyncRequestNumber=1
Dma.ADC5.1.SyncSignalID=NONE
Dma.FMAC_READ.2.Direction=DMA_PERIPH_TO_MEMORY
Dma.FMAC_READ.2.EventEnable=DISABLE
Dma.FMAC_READ.2.Instance=DMA2_Channel1
Dma.FMAC_READ.2.MemDataAlignment=DMA_MDATAALIGN_HALFWORD
Dma.FMAC_READ.2.MemInc=DMA_MINC_DISABLE
Dma.FMAC_READ.2.Mode=DMA_CIRCULAR
Dma.FMAC_READ.2.PeriphDataAlignment=DMA_PDATAALIGN_WORD
Dma.FMAC_READ.2.PeriphInc=DMA_PINC_DISABLE
Dma.FMAC_READ.2.Polarity=HAL_DMAMUX_REQ_GEN_RISING
Dma.FMAC_READ.2.Priority=DMA_PRIORITY_VERY_HIGH
Dma.FMAC_READ.2.RequestNumber=1
Dma.FMAC_READ.2.RequestParameters=Instance,Direction,PeriphInc,MemInc,PeriphDataAlignment,MemDataAlignment,Mode,Priority,SignalID,Polarity,RequestNumber,SyncSignalID,SyncPolarity,SyncEnable,EventEnable,SyncRequestNumber
Dma.FMAC_READ.2.SignalID=NONE
Dma.FMAC_READ.2.SyncEnable=DISABLE
Dma.FMAC_READ.2.SyncPolarity=HAL_DMAMUX_SYNC_NO_EVENT
Dma.FMAC_READ.2.SyncRequestNumber=1
Dma.FMAC_READ.2.SyncSignalID=NONE
Dma.Request0=ADC3
Dma.Request1=ADC5
Dma.Request2=FMAC_READ
Dma.Request3=ADC2
Dma.Request4=ADC4
Dma.RequestsNb=5
FDCAN3.CalculateBaudRateNominal=1000000
FDCAN3.CalculateTimeBitNominal=1000
FDCAN3.CalculateTimeQuantumNominal=100.0
FDCAN3.DataPrescaler=17
FDCAN3.DataSyncJumpWidth=16
FDCAN3.DataTimeSeg1=6
FDCAN3.DataTimeSeg2=3
FDCAN3.ExtFiltersNbr=8
FDCAN3.IPParameters=CalculateTimeQuantumNominal,CalculateTimeBitNominal,CalculateBaudRateNominal,DataPrescaler,DataSyncJumpWidth,DataTimeSeg1,DataTimeSeg2,StdFiltersNbr,ExtFiltersNbr,NominalPrescaler,NominalTimeSeg1,NominalTimeSeg2
FDCAN3.NominalPrescaler=17
FDCAN3.NominalTimeSeg1=6
FDCAN3.NominalTimeSeg2=3
FDCAN3.StdFiltersNbr=28
File.Version=6
GPIO.groupedBy=Group By Peripherals
HRTIM1.ADCTrigger1_Source1=HRTIM_ADCTRIGGEREVENT13_MASTER_CMP2
HRTIM1.ADCTrigger3_Source1=HRTIM_ADCTRIGGEREVENT13_TIMERB_CMP3
HRTIM1.ADCTrigger_Id1=HRTIM_ADCTRIGGER_1
HRTIM1.ADCTrigger_Id2=__NULL
HRTIM1.ADCTrigger_Id3=HRTIM_ADCTRIGGER_3
HRTIM1.BurstDMAconfig-MasterTimer=__NULL
HRTIM1.CompareUnit1-MasterTimer=HRTIM_COMPAREUNIT_1
HRTIM1.CompareUnit1-Output_TA1TA2=HRTIM_COMPAREUNIT_1
HRTIM1.CompareUnit1-Output_TB1TB2=HRTIM_COMPAREUNIT_1
HRTIM1.CompareUnit2-MasterTimer=HRTIM_COMPAREUNIT_2
HRTIM1.CompareUnit2-Output_TB1TB2=__NULL
HRTIM1.CompareUnit3-MasterTimer=HRTIM_COMPAREUNIT_3
HRTIM1.CompareUnit3-Output_TB1TB2=HRTIM_COMPAREUNIT_3
HRTIM1.CompareUnit4-MasterTimer=__NULL
HRTIM1.CompareValue1-MasterTimer=100
HRTIM1.CompareValue1-Output_TA1TA2=100
HRTIM1.CompareValue1-Output_TB1TB2=100
HRTIM1.CompareValue2-MasterTimer=12920
HRTIM1.CompareValue3-MasterTimer=100
HRTIM1.CompareValue3-Output_TB1TB2=2720
HRTIM1.DeadTimeInsertion-Output_TA1TA2=HRTIM_TIMDEADTIMEINSERTION_ENABLED
HRTIM1.DeadTimeInsertion-Output_TB1TB2=HRTIM_TIMDEADTIMEINSERTION_ENABLED
HRTIM1.Enable=HRTIM_BURSTMODECTL_DISABLED
HRTIM1.FallingValue-Output_TA1TA2=100
HRTIM1.FallingValue-Output_TB1TB2=100
HRTIM1.IPParameters=Periode_TA,PreloadEnable-Output_TA1TA2,RepetitionUpdate-Output_TA1TA2,DeadTimeInsertion-Output_TA1TA2,CompareUnit1-Output_TA1TA2,Periode_TB,PreloadEnable-Output_TB1TB2,RepetitionUpdate-Output_TB1TB2,DeadTimeInsertion-Output_TB1TB2,CompareUnit1-Output_TB1TB2,RisingValue-Output_TB1TB2,FallingValue-Output_TB1TB2,NumberSetSource1-Output_TB1TB2,NumberResetSource1-Output_TB1TB2,SetOutput1_Source1-Output_TB1TB2,ResetOutput1_Source1-Output_TB1TB2,RisingValue-Output_TA1TA2,FallingValue-Output_TA1TA2,NumberSetSource1-Output_TA1TA2,NumberResetSource1-Output_TA1TA2,SetOutput1_Source1-Output_TA1TA2,ResetOutput1_Source1-Output_TA1TA2,SyncOptions,Periode_MASTER,PreloadEnable-MasterTimer,RepetitionUpdate-MasterTimer,CompareUnit1-MasterTimer,CompareValue1-MasterTimer,CompareUnit2-MasterTimer,CompareValue2-MasterTimer,CompareUnit3-MasterTimer,CompareUnit4-MasterTimer,NumberInterruptRequests_Master-MasterTimer,NumberDMARequests_Master,InterruptRequests1_Master,BurstDMAconfig-MasterTimer,Enable,CompareValue3-MasterTimer,ADCTrigger_Id1,NumberADCTriggerSource1,ADCTrigger1_Source1,ADCTrigger_Id2,NumberDMARequests_TA,NumberDMARequests_TB,CompareValue1-Output_TA1TA2,NumberResetTrigger-Output_TB1TB2,NumberUpdateTrigger-Output_TA1TA2,NumberResetTrigger-Output_TA1TA2,NumberUpdateTrigger-Output_TB1TB2,CompareValue1-Output_TB1TB2,ADCTrigger_Id3,NumberADCTriggerSource3,CompareUnit2-Output_TB1TB2,ADCTrigger3_Source1,CompareUnit3-Output_TB1TB2,CompareValue3-Output_TB1TB2,NumberFaultEnable-Output_TB1TB2,UpdateTrigger1-Output_TB1TB2,UpdateTrigger1-Output_TA1TA2
HRTIM1.InterruptRequests1_Master=HRTIM_MASTER_IT_MREP
HRTIM1.NumberADCTriggerSource1=1
HRTIM1.NumberADCTriggerSource3=1
HRTIM1.NumberDMARequests_Master=0
HRTIM1.NumberDMARequests_TA=0
HRTIM1.NumberDMARequests_TB=0
HRTIM1.NumberFaultEnable-Output_TB1TB2=0
HRTIM1.NumberInterruptRequests_Master-MasterTimer=1
HRTIM1.NumberResetSource1-Output_TA1TA2=1
HRTIM1.NumberResetSource1-Output_TB1TB2=1
HRTIM1.NumberResetTrigger-Output_TA1TA2=0
HRTIM1.NumberResetTrigger-Output_TB1TB2=0
HRTIM1.NumberSetSource1-Output_TA1TA2=1
HRTIM1.NumberSetSource1-Output_TB1TB2=1
HRTIM1.NumberUpdateTrigger-Output_TA1TA2=1
HRTIM1.NumberUpdateTrigger-Output_TB1TB2=1
HRTIM1.Periode_MASTER=27200
HRTIM1.Periode_TA=27200
HRTIM1.Periode_TB=27200
HRTIM1.PreloadEnable-MasterTimer=HRTIM_PRELOAD_ENABLED
HRTIM1.PreloadEnable-Output_TA1TA2=HRTIM_PRELOAD_DISABLED
HRTIM1.PreloadEnable-Output_TB1TB2=HRTIM_PRELOAD_ENABLED
HRTIM1.RepetitionUpdate-MasterTimer=HRTIM_UPDATEONREPETITION_ENABLED
HRTIM1.RepetitionUpdate-Output_TA1TA2=HRTIM_UPDATEONREPETITION_DISABLED
HRTIM1.RepetitionUpdate-Output_TB1TB2=HRTIM_UPDATEONREPETITION_ENABLED
HRTIM1.ResetOutput1_Source1-Output_TA1TA2=HRTIM_OUTPUTRESET_TIMCMP1
HRTIM1.ResetOutput1_Source1-Output_TB1TB2=HRTIM_OUTPUTRESET_MASTERCMP3
HRTIM1.RisingValue-Output_TA1TA2=100
HRTIM1.RisingValue-Output_TB1TB2=100
HRTIM1.SetOutput1_Source1-Output_TA1TA2=HRTIM_OUTPUTSET_MASTERCMP1
HRTIM1.SetOutput1_Source1-Output_TB1TB2=HRTIM_OUTPUTSET_TIMCMP1
HRTIM1.SyncOptions=HRTIM_SYNCOPTION_NONE
HRTIM1.UpdateTrigger1-Output_TA1TA2=HRTIM_TIMUPDATETRIGGER_MASTER
HRTIM1.UpdateTrigger1-Output_TB1TB2=HRTIM_TIMUPDATETRIGGER_MASTER
KeepUserPlacement=false
Mcu.CPN=STM32G474CEU6
Mcu.Family=STM32G4
Mcu.IP0=ADC2
Mcu.IP1=ADC3
Mcu.IP10=OPAMP4
Mcu.IP11=RCC
Mcu.IP12=SYS
Mcu.IP13=TIM2
Mcu.IP14=TIM3
Mcu.IP15=TIM4
Mcu.IP16=TIM5
Mcu.IP17=USART1
Mcu.IP2=ADC4
Mcu.IP3=ADC5
Mcu.IP4=DMA
Mcu.IP5=FDCAN3
Mcu.IP6=FMAC
Mcu.IP7=HRTIM1
Mcu.IP8=NVIC
Mcu.IP9=OPAMP2
Mcu.IPNb=18
Mcu.Name=STM32G474C(B-C-E)Ux
Mcu.Package=UFQFPN48
Mcu.Pin0=PF0-OSC_IN
Mcu.Pin1=PF1-OSC_OUT
Mcu.Pin10=PB13
Mcu.Pin11=PA8
Mcu.Pin12=PA9
Mcu.Pin13=PA10
Mcu.Pin14=PA11
Mcu.Pin15=PA13
Mcu.Pin16=PA14
Mcu.Pin17=PA15
Mcu.Pin18=PB3
Mcu.Pin19=PB4
Mcu.Pin2=PA0
Mcu.Pin20=PB6
Mcu.Pin21=PB7
Mcu.Pin22=VP_ADC2_OPAMP_INTERNAL2
Mcu.Pin23=VP_ADC5_OPAMP_INTERNAL4
Mcu.Pin24=VP_FMAC_VS_FMAC
Mcu.Pin25=VP_HRTIM1_VS_hrtimMasterTimerNoOutput
Mcu.Pin26=VP_SYS_VS_Systick
Mcu.Pin27=VP_SYS_VS_DBSignals
Mcu.Pin28=VP_TIM2_VS_ClockSourceINT
Mcu.Pin29=VP_TIM3_VS_ClockSourceINT
Mcu.Pin3=PA1
Mcu.Pin30=VP_TIM4_VS_ClockSourceINT
Mcu.Pin31=VP_TIM5_VS_ClockSourceINT
Mcu.Pin4=PA2
Mcu.Pin5=PA3
Mcu.Pin6=PA7
Mcu.Pin7=PB0
Mcu.Pin8=PB11
Mcu.Pin9=PB12
Mcu.PinsNb=32
Mcu.ThirdParty0=STMicroelectronics.X-CUBE-ALGOBUILD.1.4.0
Mcu.ThirdPartyNb=1
Mcu.UserConstants=
Mcu.UserName=STM32G474CEUx
MxCube.Version=6.12.1
MxDb.Version=DB.6.0.121
NVIC.BusFault_IRQn=true\:0\:0\:false\:false\:true\:false\:false\:false
NVIC.DebugMonitor_IRQn=true\:0\:0\:false\:false\:true\:false\:false\:false
NVIC.FDCAN3_IT0_IRQn=true\:0\:0\:false\:false\:true\:true\:true\:true
NVIC.ForceEnableDMAVector=false
NVIC.HRTIM1_Master_IRQn=true\:1\:0\:true\:false\:true\:true\:true\:true
NVIC.HardFault_IRQn=true\:0\:0\:false\:false\:true\:false\:false\:false
NVIC.MemoryManagement_IRQn=true\:0\:0\:false\:false\:true\:false\:false\:false
NVIC.NonMaskableInt_IRQn=true\:0\:0\:false\:false\:true\:false\:false\:false
NVIC.PendSV_IRQn=true\:0\:0\:false\:false\:true\:false\:false\:false
NVIC.PriorityGroup=NVIC_PRIORITYGROUP_4
NVIC.SVCall_IRQn=true\:0\:0\:false\:false\:true\:false\:false\:false
NVIC.SysTick_IRQn=true\:0\:0\:true\:false\:true\:false\:true\:false
NVIC.TIM2_IRQn=true\:0\:0\:true\:false\:true\:true\:true\:true
NVIC.TIM3_IRQn=true\:0\:0\:false\:false\:true\:true\:true\:true
NVIC.TIM4_IRQn=true\:3\:0\:true\:false\:true\:true\:true\:true
NVIC.UsageFault_IRQn=true\:0\:0\:false\:false\:true\:false\:false\:false
OPAMP2.IPParameters=PowerMode
OPAMP2.PowerMode=OPAMP_POWERMODE_HIGHSPEED
OPAMP4.IPParameters=PowerMode
OPAMP4.PowerMode=OPAMP_POWERMODE_HIGHSPEED
PA0.GPIOParameters=GPIO_Speed,PinState,GPIO_Label
PA0.GPIO_Label=RGB_B
PA0.GPIO_Speed=GPIO_SPEED_FREQ_MEDIUM
PA0.PinState=GPIO_PIN_SET
PA0.Signal=GPIO_Output
PA1.GPIOParameters=GPIO_Speed,PinState,GPIO_Label
PA1.GPIO_Label=RGB_R
PA1.GPIO_Speed=GPIO_SPEED_FREQ_MEDIUM
PA1.Locked=true
PA1.PinState=GPIO_PIN_SET
PA1.Signal=GPIO_Output
PA10.GPIOParameters=GPIO_PuPd
PA10.GPIO_PuPd=GPIO_PULLDOWN
PA10.Locked=true
PA10.Mode=Output_TB1TB2
PA10.Signal=HRTIM1_CHB1
PA11.GPIOParameters=GPIO_PuPd
PA11.GPIO_PuPd=GPIO_PULLDOWN
PA11.Locked=true
PA11.Mode=Output_TB1TB2
PA11.Signal=HRTIM1_CHB2
PA13.Mode=Serial_Wire
PA13.Signal=SYS_JTMS-SWDIO
PA14.Mode=Serial_Wire
PA14.Signal=SYS_JTCK-SWCLK
PA15.GPIOParameters=GPIO_Label
PA15.GPIO_Label=POWER_CTRL
PA15.Locked=true
PA15.Signal=GPIO_Output
PA2.GPIOParameters=GPIO_Speed,PinState,GPIO_Label
PA2.GPIO_Label=RGB_G
PA2.GPIO_Speed=GPIO_SPEED_FREQ_MEDIUM
PA2.Locked=true
PA2.PinState=GPIO_PIN_SET
PA2.Signal=GPIO_Output
PA3.Locked=true
PA3.Signal=S_TIM5_CH4
PA7.Locked=true
PA7.Mode=Follower_Internally_Connected
PA7.Signal=OPAMP2_VINP
PA8.GPIOParameters=GPIO_PuPd
PA8.GPIO_PuPd=GPIO_PULLDOWN
PA8.Locked=true
PA8.Mode=Output_TA1TA2
PA8.Signal=HRTIM1_CHA1
PA9.GPIOParameters=GPIO_PuPd
PA9.GPIO_PuPd=GPIO_PULLDOWN
PA9.Locked=true
PA9.Mode=Output_TA1TA2
PA9.Signal=HRTIM1_CHA2
PB0.Locked=true
PB0.Mode=IN12-Single-Ended
PB0.Signal=ADC3_IN12
PB11.Locked=true
PB11.Mode=Follower_Internally_Connected
PB11.Signal=OPAMP4_VINP
PB12.Locked=true
PB12.Mode=IN3-Single-Ended
PB12.Signal=ADC4_IN3
PB13.Locked=true
PB13.Mode=IN5-Single-Ended
PB13.Signal=ADC3_IN5
PB3.Locked=true
PB3.Mode=FDCAN_Activate
PB3.Signal=FDCAN3_RX
PB4.Locked=true
PB4.Mode=FDCAN_Activate
PB4.Signal=FDCAN3_TX
PB6.Locked=true
PB6.Mode=Asynchronous
PB6.Signal=USART1_TX
PB7.Mode=Asynchronous
PB7.Signal=USART1_RX
PF0-OSC_IN.Mode=HSE-External-Oscillator
PF0-OSC_IN.Signal=RCC_OSC_IN
PF1-OSC_OUT.Mode=HSE-External-Oscillator
PF1-OSC_OUT.Signal=RCC_OSC_OUT
PinOutPanel.RotationAngle=0
ProjectManager.AskForMigrate=true
ProjectManager.BackupPrevious=true
ProjectManager.CompilerOptimize=6
ProjectManager.ComputerToolchain=false
ProjectManager.CoupleFile=true
ProjectManager.CustomerFirmwarePackage=
ProjectManager.DefaultFWLocation=true
ProjectManager.DeletePrevious=true
ProjectManager.DeviceId=STM32G474CEUx
ProjectManager.FirmwarePackage=STM32Cube FW_G4 V1.6.1
ProjectManager.FreePins=true
ProjectManager.HalAssertFull=true
ProjectManager.HeapSize=0x1200
ProjectManager.KeepUserCode=true
ProjectManager.LastFirmware=true
ProjectManager.LibraryCopy=1
ProjectManager.MainLocation=Core/Src
ProjectManager.NoMain=false
ProjectManager.PreviousToolchain=
ProjectManager.ProjectBuild=false
ProjectManager.ProjectFileName=POWER_STM32G474.ioc
ProjectManager.ProjectName=POWER_STM32G474
ProjectManager.ProjectStructure=
ProjectManager.RegisterCallBack=
ProjectManager.StackSize=0x800
ProjectManager.TargetToolchain=MDK-ARM V5.32
ProjectManager.ToolChainLocation=
ProjectManager.UAScriptAfterPath=
ProjectManager.UAScriptBeforePath=
ProjectManager.UnderRoot=false
ProjectManager.functionlistsort=1-SystemClock_Config-RCC-false-HAL-false,2-MX_GPIO_Init-GPIO-false-HAL-true,3-MX_DMA_Init-DMA-false-HAL-true,4-MX_HRTIM1_Init-HRTIM1-false-HAL-true,5-MX_FMAC_Init-FMAC-false-HAL-true,6-MX_FDCAN3_Init-FDCAN3-false-HAL-true,7-MX_ADC3_Init-ADC3-false-HAL-true,8-MX_TIM2_Init-TIM2-false-HAL-true,9-MX_TIM5_Init-TIM5-false-HAL-true,10-MX_USART1_UART_Init-USART1-false-HAL-true,11-MX_ADC2_Init-ADC2-false-HAL-true,12-MX_ADC4_Init-ADC4-false-HAL-true,13-MX_OPAMP2_Init-OPAMP2-false-HAL-true,14-MX_TIM3_Init-TIM3-false-HAL-true,15-MX_ADC5_Init-ADC5-false-HAL-true,16-MX_OPAMP4_Init-OPAMP4-false-HAL-true
RCC.ADC12CLockSelection=RCC_ADC12CLKSOURCE_PLL
RCC.ADC12Freq_Value=170000000
RCC.ADC345CLockSelection=RCC_ADC345CLKSOURCE_PLL
RCC.ADC345Freq_Value=170000000
RCC.AHBFreq_Value=170000000
RCC.APB1Freq_Value=170000000
RCC.APB1TimFreq_Value=170000000
RCC.APB2CLKDivider=RCC_HCLK_DIV2
RCC.APB2Freq_Value=85000000
RCC.APB2TimFreq_Value=170000000
RCC.CRSFreq_Value=48000000
RCC.CortexFreq_Value=170000000
RCC.EXTERNAL_CLOCK_VALUE=12288000
RCC.FCLKCortexFreq_Value=170000000
RCC.FDCANFreq_Value=170000000
RCC.FamilyName=M
RCC.HCLKFreq_Value=170000000
RCC.HSE_VALUE=24000000
RCC.HSI48_VALUE=48000000
RCC.HSI_VALUE=16000000
RCC.I2C1Freq_Value=170000000
RCC.I2C2Freq_Value=170000000
RCC.I2C3Freq_Value=170000000
RCC.I2C4Freq_Value=170000000
RCC.I2SFreq_Value=170000000
RCC.IPParameters=ADC12CLockSelection,ADC12Freq_Value,ADC345CLockSelection,ADC345Freq_Value,AHBFreq_Value,APB1Freq_Value,APB1TimFreq_Value,APB2CLKDivider,APB2Freq_Value,APB2TimFreq_Value,CRSFreq_Value,CortexFreq_Value,EXTERNAL_CLOCK_VALUE,FCLKCortexFreq_Value,FDCANFreq_Value,FamilyName,HCLKFreq_Value,HSE_VALUE,HSI48_VALUE,HSI_VALUE,I2C1Freq_Value,I2C2Freq_Value,I2C3Freq_Value,I2C4Freq_Value,I2SFreq_Value,LPTIM1Freq_Value,LPUART1Freq_Value,LSCOPinFreq_Value,LSE_VALUE,LSI_VALUE,MCO1PinFreq_Value,PLLM,PLLN,PLLPoutputFreq_Value,PLLQoutputFreq_Value,PLLRCLKFreq_Value,PLLSourceVirtual,PWRFreq_Value,QSPIFreq_Value,RNGFreq_Value,SAI1Freq_Value,SYSCLKFreq_VALUE,SYSCLKSource,UART4Freq_Value,USART1Freq_Value,USART2Freq_Value,USART3Freq_Value,USBFreq_Value,VCOInputFreq_Value,VCOOutputFreq_Value
RCC.LPTIM1Freq_Value=170000000
RCC.LPUART1Freq_Value=170000000
RCC.LSCOPinFreq_Value=32000
RCC.LSE_VALUE=32768
RCC.LSI_VALUE=32000
RCC.MCO1PinFreq_Value=16000000
RCC.PLLM=RCC_PLLM_DIV6
RCC.PLLN=85
RCC.PLLPoutputFreq_Value=170000000
RCC.PLLQoutputFreq_Value=170000000
RCC.PLLRCLKFreq_Value=170000000
RCC.PLLSourceVirtual=RCC_PLLSOURCE_HSE
RCC.PWRFreq_Value=170000000
RCC.QSPIFreq_Value=170000000
RCC.RNGFreq_Value=170000000
RCC.SAI1Freq_Value=170000000
RCC.SYSCLKFreq_VALUE=170000000
RCC.SYSCLKSource=RCC_SYSCLKSOURCE_PLLCLK
RCC.UART4Freq_Value=170000000
RCC.USART1Freq_Value=85000000
RCC.USART2Freq_Value=170000000
RCC.USART3Freq_Value=170000000
RCC.USBFreq_Value=170000000
RCC.VCOInputFreq_Value=4000000
RCC.VCOOutputFreq_Value=340000000
SH.S_TIM5_CH4.0=TIM5_CH4,PWM Generation4 CH4
SH.S_TIM5_CH4.ConfNb=1
STMicroelectronics.X-CUBE-ALGOBUILD.1.4.0_SwParameter=LibraryCcDSPOoLibraryJjDSPOoLibrary\:true;
TIM2.AutoReloadPreload=TIM_AUTORELOAD_PRELOAD_ENABLE
TIM2.IPParameters=PeriodNoDither,AutoReloadPreload,TIM_MasterOutputTrigger
TIM2.PeriodNoDither=850000-1
TIM2.TIM_MasterOutputTrigger=TIM_TRGO_RESET
TIM3.IPParameters=Prescaler,PeriodNoDither
TIM3.PeriodNoDither=19999
TIM3.Prescaler=169
TIM4.IPParameters=Prescaler,PeriodNoDither
TIM4.PeriodNoDither=999
TIM4.Prescaler=169
TIM5.Channel-PWM\ Generation4\ CH4=TIM_CHANNEL_4
TIM5.IPParameters=Channel-PWM Generation4 CH4,PeriodNoDither
TIM5.PeriodNoDither=19999
USART1.IPParameters=VirtualMode-Asynchronous
USART1.VirtualMode-Asynchronous=VM_ASYNC
VP_ADC2_OPAMP_INTERNAL2.Mode=IN-OPAMP2
VP_ADC2_OPAMP_INTERNAL2.Signal=ADC2_OPAMP_INTERNAL2
VP_ADC5_OPAMP_INTERNAL4.Mode=IN-OPAMP4
VP_ADC5_OPAMP_INTERNAL4.Signal=ADC5_OPAMP_INTERNAL4
VP_FMAC_VS_FMAC.Mode=FMAC_Activate
VP_FMAC_VS_FMAC.Signal=FMAC_VS_FMAC
VP_HRTIM1_VS_hrtimMasterTimerNoOutput.Mode=MasterTimer
VP_HRTIM1_VS_hrtimMasterTimerNoOutput.Signal=HRTIM1_VS_hrtimMasterTimerNoOutput
VP_SYS_VS_DBSignals.Mode=DisableDeadBatterySignals
VP_SYS_VS_DBSignals.Signal=SYS_VS_DBSignals
VP_SYS_VS_Systick.Mode=SysTick
VP_SYS_VS_Systick.Signal=SYS_VS_Systick
VP_TIM2_VS_ClockSourceINT.Mode=Internal
VP_TIM2_VS_ClockSourceINT.Signal=TIM2_VS_ClockSourceINT
VP_TIM3_VS_ClockSourceINT.Mode=Internal
VP_TIM3_VS_ClockSourceINT.Signal=TIM3_VS_ClockSourceINT
VP_TIM4_VS_ClockSourceINT.Mode=Internal
VP_TIM4_VS_ClockSourceINT.Signal=TIM4_VS_ClockSourceINT
VP_TIM5_VS_ClockSourceINT.Mode=Internal
VP_TIM5_VS_ClockSourceINT.Signal=TIM5_VS_ClockSourceINT
board=custom
